
Microsoft Visual Studio Solution File, Format Version 12.00
# Visual Studio Version 16
VisualStudioVersion = 16.0.29306.81
MinimumVisualStudioVersion = 10.0.40219.1
Project("{FAE04EC0-301F-11D3-BF4B-00C04F79EFBC}") = "week06", "week06\week06.csproj", "{7DEAA5FB-D07B-4D60-AE34-6721E9D715C1}"
EndProject
Global
	GlobalSection(SolutionConfigurationPlatforms) = preSolution
		Debug|Any CPU = Debug|Any CPU
		Release|Any CPU = Release|Any CPU
	EndGlobalSection
	GlobalSection(ProjectConfigurationPlatforms) = postSolution
		{7DEAA5FB-D07B-4D60-AE34-6721E9D715C1}.Debug|Any CPU.ActiveCfg = Debug|Any CPU
		{7DEAA5FB-D07B-4D60-AE34-6721E9D715C1}.Debug|Any CPU.Build.0 = Debug|Any CPU
		{7DEAA5FB-D07B-4D60-AE34-6721E9D715C1}.Release|Any CPU.ActiveCfg = Release|Any CPU
		{7DEAA5FB-D07B-4D60-AE34-6721E9D715C1}.Release|Any CPU.Build.0 = Release|Any CPU
	EndGlobalSection
	GlobalSection(SolutionProperties) = preSolution
		HideSolutionNode = FALSE
	EndGlobalSection
	GlobalSection(ExtensibilityGlobals) = postSolution
		SolutionGuid = {1DBCC658-19C5-4CE0-8477-61A12438EEB5}
	EndGlobalSection
EndGlobal
